
Microsoft Visual Studio Solution File, Format Version 12.00
# Visual Studio 15
VisualStudioVersion = 15.0.28307.572
MinimumVisualStudioVersion = 10.0.40219.1
Project("{FAE04EC0-301F-11D3-BF4B-00C04F79EFBC}") = "COMPE561 Lab08", "COMPE561 Lab08\COMPE561 Lab08.csproj", "{35E143D5-C428-41C2-B923-50E13787DD7A}"
EndProject
Global
	GlobalSection(SolutionConfigurationPlatforms) = preSolution
		Debug|Any CPU = Debug|Any CPU
		Release|Any CPU = Release|Any CPU
	EndGlobalSection
	GlobalSection(ProjectConfigurationPlatforms) = postSolution
		{35E143D5-C428-41C2-B923-50E13787DD7A}.Debug|Any CPU.ActiveCfg = Debug|Any CPU
		{35E143D5-C428-41C2-B923-50E13787DD7A}.Debug|Any CPU.Build.0 = Debug|Any CPU
		{35E143D5-C428-41C2-B923-50E13787DD7A}.Release|Any CPU.ActiveCfg = Release|Any CPU
		{35E143D5-C428-41C2-B923-50E13787DD7A}.Release|Any CPU.Build.0 = Release|Any CPU
	EndGlobalSection
	GlobalSection(SolutionProperties) = preSolution
		HideSolutionNode = FALSE
	EndGlobalSection
	GlobalSection(ExtensibilityGlobals) = postSolution
		SolutionGuid = {62C048DB-EF96-40C7-A6A9-3DFA2017F1B6}
	EndGlobalSection
EndGlobal
